
Microsoft Visual Studio Solution File, Format Version 12.00
# Visual Studio Version 17
VisualStudioVersion = 17.11.35327.3
MinimumVisualStudioVersion = 10.0.40219.1
Project("{9A19103F-16F7-4668-BE54-9A1E7A4F7556}") = "MonsterTradingCardsGame", "MonsterTradingCardsGame\MonsterTradingCardsGame.csproj", "{981D84D4-1F59-47E0-90EB-7AEED1E6D558}"
EndProject
Project("{9A19103F-16F7-4668-BE54-9A1E7A4F7556}") = "MonsterTradingCardsGameLibrary", "MonsterTradingCardsGameLibrary\MonsterTradingCardsGameLibrary.csproj", "{41785353-314E-4485-8B4F-F3122D3A0738}"
EndProject
Project("{9A19103F-16F7-4668-BE54-9A1E7A4F7556}") = "MonsterTradingCardsGameClient", "MonsterTradingCardsGameClient\MonsterTradingCardsGameClient.csproj", "{903851F9-6953-47DF-A168-90DF4EF0E464}"
EndProject
Project("{FAE04EC0-301F-11D3-BF4B-00C04F79EFBC}") = "MonsterTradingCardsGameUnitTest", "MonsterTradingCardsGameUnitTest\MonsterTradingCardsGameUnitTest.csproj", "{64B8CFAC-4AA5-49C5-B7D7-4D788BA88104}"
EndProject
Global
	GlobalSection(SolutionConfigurationPlatforms) = preSolution
		Debug|Any CPU = Debug|Any CPU
		Release|Any CPU = Release|Any CPU
	EndGlobalSection
	GlobalSection(ProjectConfigurationPlatforms) = postSolution
		{981D84D4-1F59-47E0-90EB-7AEED1E6D558}.Debug|Any CPU.ActiveCfg = Debug|Any CPU
		{981D84D4-1F59-47E0-90EB-7AEED1E6D558}.Debug|Any CPU.Build.0 = Debug|Any CPU
		{981D84D4-1F59-47E0-90EB-7AEED1E6D558}.Release|Any CPU.ActiveCfg = Release|Any CPU
		{981D84D4-1F59-47E0-90EB-7AEED1E6D558}.Release|Any CPU.Build.0 = Release|Any CPU
		{41785353-314E-4485-8B4F-F3122D3A0738}.Debug|Any CPU.ActiveCfg = Debug|Any CPU
		{41785353-314E-4485-8B4F-F3122D3A0738}.Debug|Any CPU.Build.0 = Debug|Any CPU
		{41785353-314E-4485-8B4F-F3122D3A0738}.Release|Any CPU.ActiveCfg = Release|Any CPU
		{41785353-314E-4485-8B4F-F3122D3A0738}.Release|Any CPU.Build.0 = Release|Any CPU
		{903851F9-6953-47DF-A168-90DF4EF0E464}.Debug|Any CPU.ActiveCfg = Debug|Any CPU
		{903851F9-6953-47DF-A168-90DF4EF0E464}.Debug|Any CPU.Build.0 = Debug|Any CPU
		{903851F9-6953-47DF-A168-90DF4EF0E464}.Release|Any CPU.ActiveCfg = Release|Any CPU
		{903851F9-6953-47DF-A168-90DF4EF0E464}.Release|Any CPU.Build.0 = Release|Any CPU
		{64B8CFAC-4AA5-49C5-B7D7-4D788BA88104}.Debug|Any CPU.ActiveCfg = Debug|Any CPU
		{64B8CFAC-4AA5-49C5-B7D7-4D788BA88104}.Debug|Any CPU.Build.0 = Debug|Any CPU
		{64B8CFAC-4AA5-49C5-B7D7-4D788BA88104}.Release|Any CPU.ActiveCfg = Release|Any CPU
		{64B8CFAC-4AA5-49C5-B7D7-4D788BA88104}.Release|Any CPU.Build.0 = Release|Any CPU
	EndGlobalSection
	GlobalSection(SolutionProperties) = preSolution
		HideSolutionNode = FALSE
	EndGlobalSection
	GlobalSection(ExtensibilityGlobals) = postSolution
		SolutionGuid = {85DBF32E-28C1-426A-9A39-A93FC61420B9}
	EndGlobalSection
EndGlobal
